// !$*UTF8*$!
{
	archiveVersion = 1;
	classes = {
	};
	objectVersion = 55;
	objects = {

/* Begin PBXBuildFile section */
		08916B822287017BE7E7F693 /* Pods_BrotherDictionary.framework in Frameworks */ = {isa = PBXBuildFile; fileRef = B91435184BF816E07CCB21E3 /* Pods_BrotherDictionary.framework */; };
		56B959D628CA001900D8A8CF /* User.swift in Sources */ = {isa = PBXBuildFile; fileRef = 56B959D528CA001900D8A8CF /* User.swift */; };
		56B959D828CA071100D8A8CF /* Launch Screen.storyboard in Resources */ = {isa = PBXBuildFile; fileRef = 56B959D728CA071100D8A8CF /* Launch Screen.storyboard */; };
		AC15E5D228C485CF008D1858 /* BrotherDictionaryApp.swift in Sources */ = {isa = PBXBuildFile; fileRef = AC15E5D128C485CF008D1858 /* BrotherDictionaryApp.swift */; };
		AC15E5D628C485D4008D1858 /* Assets.xcassets in Resources */ = {isa = PBXBuildFile; fileRef = AC15E5D528C485D4008D1858 /* Assets.xcassets */; };
		AC15E5D928C485D4008D1858 /* Preview Assets.xcassets in Resources */ = {isa = PBXBuildFile; fileRef = AC15E5D828C485D4008D1858 /* Preview Assets.xcassets */; };
		AC15E5E728C4AC1F008D1858 /* ScreenSize.swift in Sources */ = {isa = PBXBuildFile; fileRef = AC15E5E628C4AC1F008D1858 /* ScreenSize.swift */; };
		AC15E5EA28C4BA90008D1858 /* data.txt in Resources */ = {isa = PBXBuildFile; fileRef = AC15E5E928C4BA8F008D1858 /* data.txt */; };
		ACB464F228C888720095D8BD /* TextFieldAlert.swift in Sources */ = {isa = PBXBuildFile; fileRef = ACB464F128C888720095D8BD /* TextFieldAlert.swift */; };
		ACB464F528C8A4000095D8BD /* MenuView.swift in Sources */ = {isa = PBXBuildFile; fileRef = ACB464F428C8A4000095D8BD /* MenuView.swift */; };
		BD30438028CC7A0A00BB61B6 /* ModalTextInput.swift in Sources */ = {isa = PBXBuildFile; fileRef = BD30437F28CC7A0A00BB61B6 /* ModalTextInput.swift */; };
		BDF40CAC28C7419A00724E7B /* WordViewModel.swift in Sources */ = {isa = PBXBuildFile; fileRef = BDF40CAB28C7419A00724E7B /* WordViewModel.swift */; };
		FF8219C528C5ED1E00CFD3BF /* GoogleService-Info.plist in Resources */ = {isa = PBXBuildFile; fileRef = FF8219C428C5ED1E00CFD3BF /* GoogleService-Info.plist */; };
		FF8219FE28C5EFC100CFD3BF /* Word.swift in Sources */ = {isa = PBXBuildFile; fileRef = FF8219FD28C5EFC100CFD3BF /* Word.swift */; };
		FF821A0628C5F01000CFD3BF /* AuthModel.swift in Sources */ = {isa = PBXBuildFile; fileRef = FF821A0428C5F01000CFD3BF /* AuthModel.swift */; };
		FF821A0728C5F01000CFD3BF /* AppDelegate.swift in Sources */ = {isa = PBXBuildFile; fileRef = FF821A0528C5F01000CFD3BF /* AppDelegate.swift */; };
		FF821A0C28C5F01800CFD3BF /* Player.swift in Sources */ = {isa = PBXBuildFile; fileRef = FF821A0928C5F01800CFD3BF /* Player.swift */; };
		FF821A0F28C5F02A00CFD3BF /* ContentView.swift in Sources */ = {isa = PBXBuildFile; fileRef = FF821A0E28C5F02A00CFD3BF /* ContentView.swift */; };
		FF821A1628C5F06A00CFD3BF /* CollectionView.swift in Sources */ = {isa = PBXBuildFile; fileRef = FF821A1428C5F06A00CFD3BF /* CollectionView.swift */; };
		FF821A1728C5F06A00CFD3BF /* EditWordView.swift in Sources */ = {isa = PBXBuildFile; fileRef = FF821A1528C5F06A00CFD3BF /* EditWordView.swift */; };
		FF821A1928C5F07200CFD3BF /* UserSettingView.swift in Sources */ = {isa = PBXBuildFile; fileRef = FF821A1828C5F07200CFD3BF /* UserSettingView.swift */; };
		FF821A1C28C5F07900CFD3BF /* SearchListView.swift in Sources */ = {isa = PBXBuildFile; fileRef = FF821A1A28C5F07900CFD3BF /* SearchListView.swift */; };
		FF821A1D28C5F07900CFD3BF /* WordDetailView.swift in Sources */ = {isa = PBXBuildFile; fileRef = FF821A1B28C5F07900CFD3BF /* WordDetailView.swift */; };
		FF821A2028C5F08100CFD3BF /* SignInView.swift in Sources */ = {isa = PBXBuildFile; fileRef = FF821A1E28C5F08000CFD3BF /* SignInView.swift */; };
		FF821A2128C5F08100CFD3BF /* SignUpView.swift in Sources */ = {isa = PBXBuildFile; fileRef = FF821A1F28C5F08100CFD3BF /* SignUpView.swift */; };
		FF821A2328C5F12300CFD3BF /* ConvertJSONToWord.swift in Sources */ = {isa = PBXBuildFile; fileRef = FF821A2228C5F12300CFD3BF /* ConvertJSONToWord.swift */; };
		FF821A2528C5F14A00CFD3BF /* DecodeJSONToStruct.swift in Sources */ = {isa = PBXBuildFile; fileRef = FF821A2428C5F14A00CFD3BF /* DecodeJSONToStruct.swift */; };
		FF821A2728C5F1AA00CFD3BF /* WordJSON.swift in Sources */ = {isa = PBXBuildFile; fileRef = FF821A2628C5F1AA00CFD3BF /* WordJSON.swift */; };
/* End PBXBuildFile section */

/* Begin PBXFileReference section */
		416BF56DDDE30D58A375D0DC /* Pods-BrotherDictionary.debug.xcconfig */ = {isa = PBXFileReference; includeInIndex = 1; lastKnownFileType = text.xcconfig; name = "Pods-BrotherDictionary.debug.xcconfig"; path = "Target Support Files/Pods-BrotherDictionary/Pods-BrotherDictionary.debug.xcconfig"; sourceTree = "<group>"; };
		56B959D528CA001900D8A8CF /* User.swift */ = {isa = PBXFileReference; lastKnownFileType = sourcecode.swift; path = User.swift; sourceTree = "<group>"; };
		56B959D728CA071100D8A8CF /* Launch Screen.storyboard */ = {isa = PBXFileReference; lastKnownFileType = file.storyboard; path = "Launch Screen.storyboard"; sourceTree = "<group>"; };
		6330D10F3D4F5CC4372B6720 /* Pods-BrotherDictionary.release.xcconfig */ = {isa = PBXFileReference; includeInIndex = 1; lastKnownFileType = text.xcconfig; name = "Pods-BrotherDictionary.release.xcconfig"; path = "Target Support Files/Pods-BrotherDictionary/Pods-BrotherDictionary.release.xcconfig"; sourceTree = "<group>"; };
		AC15E5CE28C485CF008D1858 /* BrotherDictionary.app */ = {isa = PBXFileReference; explicitFileType = wrapper.application; includeInIndex = 0; path = BrotherDictionary.app; sourceTree = BUILT_PRODUCTS_DIR; };
		AC15E5D128C485CF008D1858 /* BrotherDictionaryApp.swift */ = {isa = PBXFileReference; lastKnownFileType = sourcecode.swift; path = BrotherDictionaryApp.swift; sourceTree = "<group>"; };
		AC15E5D528C485D4008D1858 /* Assets.xcassets */ = {isa = PBXFileReference; lastKnownFileType = folder.assetcatalog; path = Assets.xcassets; sourceTree = "<group>"; };
		AC15E5D828C485D4008D1858 /* Preview Assets.xcassets */ = {isa = PBXFileReference; lastKnownFileType = folder.assetcatalog; path = "Preview Assets.xcassets"; sourceTree = "<group>"; };
		AC15E5E628C4AC1F008D1858 /* ScreenSize.swift */ = {isa = PBXFileReference; fileEncoding = 4; lastKnownFileType = sourcecode.swift; path = ScreenSize.swift; sourceTree = "<group>"; };
		AC15E5E928C4BA8F008D1858 /* data.txt */ = {isa = PBXFileReference; lastKnownFileType = text; path = data.txt; sourceTree = "<group>"; };
		ACB464F128C888720095D8BD /* TextFieldAlert.swift */ = {isa = PBXFileReference; lastKnownFileType = sourcecode.swift; path = TextFieldAlert.swift; sourceTree = "<group>"; };
		ACB464F428C8A4000095D8BD /* MenuView.swift */ = {isa = PBXFileReference; lastKnownFileType = sourcecode.swift; path = MenuView.swift; sourceTree = "<group>"; };
		B91435184BF816E07CCB21E3 /* Pods_BrotherDictionary.framework */ = {isa = PBXFileReference; explicitFileType = wrapper.framework; includeInIndex = 0; path = Pods_BrotherDictionary.framework; sourceTree = BUILT_PRODUCTS_DIR; };
		BD30437F28CC7A0A00BB61B6 /* ModalTextInput.swift */ = {isa = PBXFileReference; lastKnownFileType = sourcecode.swift; path = ModalTextInput.swift; sourceTree = "<group>"; };
		BDF40CAB28C7419A00724E7B /* WordViewModel.swift */ = {isa = PBXFileReference; lastKnownFileType = sourcecode.swift; path = WordViewModel.swift; sourceTree = "<group>"; };
		FF8219C428C5ED1E00CFD3BF /* GoogleService-Info.plist */ = {isa = PBXFileReference; fileEncoding = 4; lastKnownFileType = text.plist.xml; path = "GoogleService-Info.plist"; sourceTree = "<group>"; };
		FF8219FD28C5EFC100CFD3BF /* Word.swift */ = {isa = PBXFileReference; fileEncoding = 4; lastKnownFileType = sourcecode.swift; path = Word.swift; sourceTree = "<group>"; };
		FF821A0428C5F01000CFD3BF /* AuthModel.swift */ = {isa = PBXFileReference; fileEncoding = 4; lastKnownFileType = sourcecode.swift; path = AuthModel.swift; sourceTree = "<group>"; };
		FF821A0528C5F01000CFD3BF /* AppDelegate.swift */ = {isa = PBXFileReference; fileEncoding = 4; lastKnownFileType = sourcecode.swift; path = AppDelegate.swift; sourceTree = "<group>"; };
		FF821A0928C5F01800CFD3BF /* Player.swift */ = {isa = PBXFileReference; fileEncoding = 4; lastKnownFileType = sourcecode.swift; path = Player.swift; sourceTree = "<group>"; };
		FF821A0E28C5F02A00CFD3BF /* ContentView.swift */ = {isa = PBXFileReference; fileEncoding = 4; lastKnownFileType = sourcecode.swift; path = ContentView.swift; sourceTree = "<group>"; };
		FF821A1428C5F06A00CFD3BF /* CollectionView.swift */ = {isa = PBXFileReference; fileEncoding = 4; lastKnownFileType = sourcecode.swift; path = CollectionView.swift; sourceTree = "<group>"; };
		FF821A1528C5F06A00CFD3BF /* EditWordView.swift */ = {isa = PBXFileReference; fileEncoding = 4; lastKnownFileType = sourcecode.swift; path = EditWordView.swift; sourceTree = "<group>"; };
		FF821A1828C5F07200CFD3BF /* UserSettingView.swift */ = {isa = PBXFileReference; fileEncoding = 4; lastKnownFileType = sourcecode.swift; path = UserSettingView.swift; sourceTree = "<group>"; };
		FF821A1A28C5F07900CFD3BF /* SearchListView.swift */ = {isa = PBXFileReference; fileEncoding = 4; lastKnownFileType = sourcecode.swift; path = SearchListView.swift; sourceTree = "<group>"; };
		FF821A1B28C5F07900CFD3BF /* WordDetailView.swift */ = {isa = PBXFileReference; fileEncoding = 4; lastKnownFileType = sourcecode.swift; path = WordDetailView.swift; sourceTree = "<group>"; };
		FF821A1E28C5F08000CFD3BF /* SignInView.swift */ = {isa = PBXFileReference; fileEncoding = 4; lastKnownFileType = sourcecode.swift; path = SignInView.swift; sourceTree = "<group>"; };
		FF821A1F28C5F08100CFD3BF /* SignUpView.swift */ = {isa = PBXFileReference; fileEncoding = 4; lastKnownFileType = sourcecode.swift; path = SignUpView.swift; sourceTree = "<group>"; };
		FF821A2228C5F12300CFD3BF /* ConvertJSONToWord.swift */ = {isa = PBXFileReference; lastKnownFileType = sourcecode.swift; path = ConvertJSONToWord.swift; sourceTree = "<group>"; };
		FF821A2428C5F14A00CFD3BF /* DecodeJSONToStruct.swift */ = {isa = PBXFileReference; lastKnownFileType = sourcecode.swift; path = DecodeJSONToStruct.swift; sourceTree = "<group>"; };
		FF821A2628C5F1AA00CFD3BF /* WordJSON.swift */ = {isa = PBXFileReference; lastKnownFileType = sourcecode.swift; path = WordJSON.swift; sourceTree = "<group>"; };
/* End PBXFileReference section */

/* Begin PBXFrameworksBuildPhase section */
		AC15E5CB28C485CF008D1858 /* Frameworks */ = {
			isa = PBXFrameworksBuildPhase;
			buildActionMask = 2147483647;
			files = (
				08916B822287017BE7E7F693 /* Pods_BrotherDictionary.framework in Frameworks */,
			);
			runOnlyForDeploymentPostprocessing = 0;
		};
/* End PBXFrameworksBuildPhase section */

/* Begin PBXGroup section */
		56B959D328C9FFF400D8A8CF /* User */ = {
			isa = PBXGroup;
			children = (
				56B959D528CA001900D8A8CF /* User.swift */,
			);
			path = User;
			sourceTree = "<group>";
		};
		667E7192D9F6BC8177BA582D /* Frameworks */ = {
			isa = PBXGroup;
			children = (
				B91435184BF816E07CCB21E3 /* Pods_BrotherDictionary.framework */,
			);
			name = Frameworks;
			sourceTree = "<group>";
		};
		823D6CE2539DFC59DA92C9BB /* Pods */ = {
			isa = PBXGroup;
			children = (
				416BF56DDDE30D58A375D0DC /* Pods-BrotherDictionary.debug.xcconfig */,
				6330D10F3D4F5CC4372B6720 /* Pods-BrotherDictionary.release.xcconfig */,
			);
			path = Pods;
			sourceTree = "<group>";
		};
		AC15E5C528C485CF008D1858 = {
			isa = PBXGroup;
			children = (
				AC15E5D028C485CF008D1858 /* BrotherDictionary */,
				AC15E5CF28C485CF008D1858 /* Products */,
				823D6CE2539DFC59DA92C9BB /* Pods */,
				667E7192D9F6BC8177BA582D /* Frameworks */,
			);
			sourceTree = "<group>";
		};
		AC15E5CF28C485CF008D1858 /* Products */ = {
			isa = PBXGroup;
			children = (
				AC15E5CE28C485CF008D1858 /* BrotherDictionary.app */,
			);
			name = Products;
			sourceTree = "<group>";
		};
		AC15E5D028C485CF008D1858 /* BrotherDictionary */ = {
			isa = PBXGroup;
			children = (
				FF821A0128C5EFEF00CFD3BF /* Models */,
				FF821A0028C5EFE900CFD3BF /* ViewModels */,
				FF8219FF28C5EFC900CFD3BF /* Views */,
				FF8219C428C5ED1E00CFD3BF /* GoogleService-Info.plist */,
				AC15E5D128C485CF008D1858 /* BrotherDictionaryApp.swift */,
				AC15E5E828C4AC26008D1858 /* Utilities */,
				AC15E5D528C485D4008D1858 /* Assets.xcassets */,
				AC15E5D728C485D4008D1858 /* Preview Content */,
				AC15E5E928C4BA8F008D1858 /* data.txt */,
				56B959D728CA071100D8A8CF /* Launch Screen.storyboard */,
			);
			path = BrotherDictionary;
			sourceTree = "<group>";
		};
		AC15E5D728C485D4008D1858 /* Preview Content */ = {
			isa = PBXGroup;
			children = (
				AC15E5D828C485D4008D1858 /* Preview Assets.xcassets */,
			);
			path = "Preview Content";
			sourceTree = "<group>";
		};
		AC15E5DF28C4878C008D1858 /* Word */ = {
			isa = PBXGroup;
			children = (
				FF8219FD28C5EFC100CFD3BF /* Word.swift */,
				FF821A2628C5F1AA00CFD3BF /* WordJSON.swift */,
			);
			path = Word;
			sourceTree = "<group>";
		};
		AC15E5E828C4AC26008D1858 /* Utilities */ = {
			isa = PBXGroup;
			children = (
				AC15E5E628C4AC1F008D1858 /* ScreenSize.swift */,
				ACB464F128C888720095D8BD /* TextFieldAlert.swift */,
				BD30437F28CC7A0A00BB61B6 /* ModalTextInput.swift */,
			);
			path = Utilities;
			sourceTree = "<group>";
		};
		ACB464F328C8A3F10095D8BD /* MenuView */ = {
			isa = PBXGroup;
			children = (
				ACB464F428C8A4000095D8BD /* MenuView.swift */,
			);
			path = MenuView;
			sourceTree = "<group>";
		};
		FF8219FF28C5EFC900CFD3BF /* Views */ = {
			isa = PBXGroup;
			children = (
				ACB464F328C8A3F10095D8BD /* MenuView */,
				FF821A1328C5F05500CFD3BF /* UserViews */,
				FF821A1228C5F04000CFD3BF /* SettingViews */,
				FF821A1128C5F03800CFD3BF /* SearchViews */,
				FF821A1028C5F02E00CFD3BF /* AuthViews */,
				FF821A0E28C5F02A00CFD3BF /* ContentView.swift */,
			);
			path = Views;
			sourceTree = "<group>";
		};
		FF821A0028C5EFE900CFD3BF /* ViewModels */ = {
			isa = PBXGroup;
			children = (
				FF821A0328C5F00600CFD3BF /* WordFunc */,
				FF821A0228C5EFFF00CFD3BF /* AuthFunc */,
			);
			path = ViewModels;
			sourceTree = "<group>";
		};
		FF821A0128C5EFEF00CFD3BF /* Models */ = {
			isa = PBXGroup;
			children = (
				56B959D328C9FFF400D8A8CF /* User */,
				AC15E5DF28C4878C008D1858 /* Word */,
			);
			path = Models;
			sourceTree = "<group>";
		};
		FF821A0228C5EFFF00CFD3BF /* AuthFunc */ = {
			isa = PBXGroup;
			children = (
				FF821A0528C5F01000CFD3BF /* AppDelegate.swift */,
				FF821A0428C5F01000CFD3BF /* AuthModel.swift */,
			);
			path = AuthFunc;
			sourceTree = "<group>";
		};
		FF821A0328C5F00600CFD3BF /* WordFunc */ = {
			isa = PBXGroup;
			children = (
				FF821A0928C5F01800CFD3BF /* Player.swift */,
				FF821A2228C5F12300CFD3BF /* ConvertJSONToWord.swift */,
				FF821A2428C5F14A00CFD3BF /* DecodeJSONToStruct.swift */,
				BDF40CAB28C7419A00724E7B /* WordViewModel.swift */,
			);
			path = WordFunc;
			sourceTree = "<group>";
		};
		FF821A1028C5F02E00CFD3BF /* AuthViews */ = {
			isa = PBXGroup;
			children = (
				FF821A1E28C5F08000CFD3BF /* SignInView.swift */,
				FF821A1F28C5F08100CFD3BF /* SignUpView.swift */,
			);
			path = AuthViews;
			sourceTree = "<group>";
		};
		FF821A1128C5F03800CFD3BF /* SearchViews */ = {
			isa = PBXGroup;
			children = (
				FF821A1A28C5F07900CFD3BF /* SearchListView.swift */,
				FF821A1B28C5F07900CFD3BF /* WordDetailView.swift */,
			);
			path = SearchViews;
			sourceTree = "<group>";
		};
		FF821A1228C5F04000CFD3BF /* SettingViews */ = {
			isa = PBXGroup;
			children = (
				FF821A1828C5F07200CFD3BF /* UserSettingView.swift */,
			);
			path = SettingViews;
			sourceTree = "<group>";
		};
		FF821A1328C5F05500CFD3BF /* UserViews */ = {
			isa = PBXGroup;
			children = (
				FF821A1428C5F06A00CFD3BF /* CollectionView.swift */,
				FF821A1528C5F06A00CFD3BF /* EditWordView.swift */,
			);
			path = UserViews;
			sourceTree = "<group>";
		};
/* End PBXGroup section */

/* Begin PBXNativeTarget section */
		AC15E5CD28C485CF008D1858 /* BrotherDictionary */ = {
			isa = PBXNativeTarget;
			buildConfigurationList = AC15E5DC28C485D4008D1858 /* Build configuration list for PBXNativeTarget "BrotherDictionary" */;
			buildPhases = (
				915F5C2C9E62A6C977D3C232 /* [CP] Check Pods Manifest.lock */,
				AC15E5CA28C485CF008D1858 /* Sources */,
				AC15E5CB28C485CF008D1858 /* Frameworks */,
				AC15E5CC28C485CF008D1858 /* Resources */,
				D31C7B76A0ADB7D455C96951 /* [CP] Embed Pods Frameworks */,
			);
			buildRules = (
			);
			dependencies = (
			);
			name = BrotherDictionary;
			packageProductDependencies = (
			);
			productName = BrotherDictionary;
			productReference = AC15E5CE28C485CF008D1858 /* BrotherDictionary.app */;
			productType = "com.apple.product-type.application";
		};
/* End PBXNativeTarget section */

/* Begin PBXProject section */
		AC15E5C628C485CF008D1858 /* Project object */ = {
			isa = PBXProject;
			attributes = {
				BuildIndependentTargetsInParallel = 1;
				LastSwiftUpdateCheck = 1340;
				LastUpgradeCheck = 1340;
				TargetAttributes = {
					AC15E5CD28C485CF008D1858 = {
						CreatedOnToolsVersion = 13.4.1;
					};
				};
			};
			buildConfigurationList = AC15E5C928C485CF008D1858 /* Build configuration list for PBXProject "BrotherDictionary" */;
			compatibilityVersion = "Xcode 13.0";
			developmentRegion = en;
			hasScannedForEncodings = 0;
			knownRegions = (
				en,
				Base,
			);
			mainGroup = AC15E5C528C485CF008D1858;
			packageReferences = (
			);
			productRefGroup = AC15E5CF28C485CF008D1858 /* Products */;
			projectDirPath = "";
			projectRoot = "";
			targets = (
				AC15E5CD28C485CF008D1858 /* BrotherDictionary */,
			);
		};
/* End PBXProject section */

/* Begin PBXResourcesBuildPhase section */
		AC15E5CC28C485CF008D1858 /* Resources */ = {
			isa = PBXResourcesBuildPhase;
			buildActionMask = 2147483647;
			files = (
				AC15E5D928C485D4008D1858 /* Preview Assets.xcassets in Resources */,
				AC15E5EA28C4BA90008D1858 /* data.txt in Resources */,
				AC15E5D628C485D4008D1858 /* Assets.xcassets in Resources */,
				56B959D828CA071100D8A8CF /* Launch Screen.storyboard in Resources */,
				FF8219C528C5ED1E00CFD3BF /* GoogleService-Info.plist in Resources */,
			);
			runOnlyForDeploymentPostprocessing = 0;
		};
/* End PBXResourcesBuildPhase section */

/* Begin PBXShellScriptBuildPhase section */
		915F5C2C9E62A6C977D3C232 /* [CP] Check Pods Manifest.lock */ = {
			isa = PBXShellScriptBuildPhase;
			buildActionMask = 2147483647;
			files = (
			);
			inputFileListPaths = (
			);
			inputPaths = (
				"${PODS_PODFILE_DIR_PATH}/Podfile.lock",
				"${PODS_ROOT}/Manifest.lock",
			);
			name = "[CP] Check Pods Manifest.lock";
			outputFileListPaths = (
			);
			outputPaths = (
				"$(DERIVED_FILE_DIR)/Pods-BrotherDictionary-checkManifestLockResult.txt",
			);
			runOnlyForDeploymentPostprocessing = 0;
			shellPath = /bin/sh;
			shellScript = "diff \"${PODS_PODFILE_DIR_PATH}/Podfile.lock\" \"${PODS_ROOT}/Manifest.lock\" > /dev/null\nif [ $? != 0 ] ; then\n    # print error to STDERR\n    echo \"error: The sandbox is not in sync with the Podfile.lock. Run 'pod install' or update your CocoaPods installation.\" >&2\n    exit 1\nfi\n# This output is used by Xcode 'outputs' to avoid re-running this script phase.\necho \"SUCCESS\" > \"${SCRIPT_OUTPUT_FILE_0}\"\n";
			showEnvVarsInLog = 0;
		};
		D31C7B76A0ADB7D455C96951 /* [CP] Embed Pods Frameworks */ = {
			isa = PBXShellScriptBuildPhase;
			buildActionMask = 2147483647;
			files = (
			);
			inputFileListPaths = (
				"${PODS_ROOT}/Target Support Files/Pods-BrotherDictionary/Pods-BrotherDictionary-frameworks-${CONFIGURATION}-input-files.xcfilelist",
			);
			name = "[CP] Embed Pods Frameworks";
			outputFileListPaths = (
				"${PODS_ROOT}/Target Support Files/Pods-BrotherDictionary/Pods-BrotherDictionary-frameworks-${CONFIGURATION}-output-files.xcfilelist",
			);
			runOnlyForDeploymentPostprocessing = 0;
			shellPath = /bin/sh;
			shellScript = "\"${PODS_ROOT}/Target Support Files/Pods-BrotherDictionary/Pods-BrotherDictionary-frameworks.sh\"\n";
			showEnvVarsInLog = 0;
		};
/* End PBXShellScriptBuildPhase section */

/* Begin PBXSourcesBuildPhase section */
		AC15E5CA28C485CF008D1858 /* Sources */ = {
			isa = PBXSourcesBuildPhase;
			buildActionMask = 2147483647;
			files = (
				BDF40CAC28C7419A00724E7B /* WordViewModel.swift in Sources */,
				ACB464F528C8A4000095D8BD /* MenuView.swift in Sources */,
				FF821A1928C5F07200CFD3BF /* UserSettingView.swift in Sources */,
				AC15E5E728C4AC1F008D1858 /* ScreenSize.swift in Sources */,
				FF821A0628C5F01000CFD3BF /* AuthModel.swift in Sources */,
				FF821A2328C5F12300CFD3BF /* ConvertJSONToWord.swift in Sources */,
				FF821A1C28C5F07900CFD3BF /* SearchListView.swift in Sources */,
				FF821A1D28C5F07900CFD3BF /* WordDetailView.swift in Sources */,
				FF821A2528C5F14A00CFD3BF /* DecodeJSONToStruct.swift in Sources */,
				AC15E5D228C485CF008D1858 /* BrotherDictionaryApp.swift in Sources */,
				ACB464F228C888720095D8BD /* TextFieldAlert.swift in Sources */,
				FF821A1728C5F06A00CFD3BF /* EditWordView.swift in Sources */,
				FF821A2028C5F08100CFD3BF /* SignInView.swift in Sources */,
				FF821A0F28C5F02A00CFD3BF /* ContentView.swift in Sources */,
				FF821A2728C5F1AA00CFD3BF /* WordJSON.swift in Sources */,
				FF821A1628C5F06A00CFD3BF /* CollectionView.swift in Sources */,
				FF821A2128C5F08100CFD3BF /* SignUpView.swift in Sources */,
				FF821A0C28C5F01800CFD3BF /* Player.swift in Sources */,
				FF821A0728C5F01000CFD3BF /* AppDelegate.swift in Sources */,
				BD30438028CC7A0A00BB61B6 /* ModalTextInput.swift in Sources */,
				FF8219FE28C5EFC100CFD3BF /* Word.swift in Sources */,
				56B959D628CA001900D8A8CF /* User.swift in Sources */,
			);
			runOnlyForDeploymentPostprocessing = 0;
		};
/* End PBXSourcesBuildPhase section */

/* Begin XCBuildConfiguration section */
		AC15E5DA28C485D4008D1858 /* Debug */ = {
			isa = XCBuildConfiguration;
			buildSettings = {
				ALWAYS_SEARCH_USER_PATHS = NO;
				CLANG_ANALYZER_NONNULL = YES;
				CLANG_ANALYZER_NUMBER_OBJECT_CONVERSION = YES_AGGRESSIVE;
				CLANG_CXX_LANGUAGE_STANDARD = "gnu++17";
				CLANG_ENABLE_MODULES = YES;
				CLANG_ENABLE_OBJC_ARC = YES;
				CLANG_ENABLE_OBJC_WEAK = YES;
				CLANG_WARN_BLOCK_CAPTURE_AUTORELEASING = YES;
				CLANG_WARN_BOOL_CONVERSION = YES;
				CLANG_WARN_COMMA = YES;
				CLANG_WARN_CONSTANT_CONVERSION = YES;
				CLANG_WARN_DEPRECATED_OBJC_IMPLEMENTATIONS = YES;
				CLANG_WARN_DIRECT_OBJC_ISA_USAGE = YES_ERROR;
				CLANG_WARN_DOCUMENTATION_COMMENTS = YES;
				CLANG_WARN_EMPTY_BODY = YES;
				CLANG_WARN_ENUM_CONVERSION = YES;
				CLANG_WARN_INFINITE_RECURSION = YES;
				CLANG_WARN_INT_CONVERSION = YES;
				CLANG_WARN_NON_LITERAL_NULL_CONVERSION = YES;
				CLANG_WARN_OBJC_IMPLICIT_RETAIN_SELF = YES;
				CLANG_WARN_OBJC_LITERAL_CONVERSION = YES;
				CLANG_WARN_OBJC_ROOT_CLASS = YES_ERROR;
				CLANG_WARN_QUOTED_INCLUDE_IN_FRAMEWORK_HEADER = YES;
				CLANG_WARN_RANGE_LOOP_ANALYSIS = YES;
				CLANG_WARN_STRICT_PROTOTYPES = YES;
				CLANG_WARN_SUSPICIOUS_MOVE = YES;
				CLANG_WARN_UNGUARDED_AVAILABILITY = YES_AGGRESSIVE;
				CLANG_WARN_UNREACHABLE_CODE = YES;
				CLANG_WARN__DUPLICATE_METHOD_MATCH = YES;
				COPY_PHASE_STRIP = NO;
				DEBUG_INFORMATION_FORMAT = dwarf;
				ENABLE_STRICT_OBJC_MSGSEND = YES;
				ENABLE_TESTABILITY = YES;
				GCC_C_LANGUAGE_STANDARD = gnu11;
				GCC_DYNAMIC_NO_PIC = NO;
				GCC_NO_COMMON_BLOCKS = YES;
				GCC_OPTIMIZATION_LEVEL = 0;
				GCC_PREPROCESSOR_DEFINITIONS = (
					"DEBUG=1",
					"$(inherited)",
				);
				GCC_WARN_64_TO_32_BIT_CONVERSION = YES;
				GCC_WARN_ABOUT_RETURN_TYPE = YES_ERROR;
				GCC_WARN_UNDECLARED_SELECTOR = YES;
				GCC_WARN_UNINITIALIZED_AUTOS = YES_AGGRESSIVE;
				GCC_WARN_UNUSED_FUNCTION = YES;
				GCC_WARN_UNUSED_VARIABLE = YES;
				IPHONEOS_DEPLOYMENT_TARGET = 15.5;
				MTL_ENABLE_DEBUG_INFO = INCLUDE_SOURCE;
				MTL_FAST_MATH = YES;
				ONLY_ACTIVE_ARCH = YES;
				SDKROOT = iphoneos;
				SWIFT_ACTIVE_COMPILATION_CONDITIONS = DEBUG;
				SWIFT_OPTIMIZATION_LEVEL = "-Onone";
			};
			name = Debug;
		};
		AC15E5DB28C485D4008D1858 /* Release */ = {
			isa = XCBuildConfiguration;
			buildSettings = {
				ALWAYS_SEARCH_USER_PATHS = NO;
				CLANG_ANALYZER_NONNULL = YES;
				CLANG_ANALYZER_NUMBER_OBJECT_CONVERSION = YES_AGGRESSIVE;
				CLANG_CXX_LANGUAGE_STANDARD = "gnu++17";
				CLANG_ENABLE_MODULES = YES;
				CLANG_ENABLE_OBJC_ARC = YES;
				CLANG_ENABLE_OBJC_WEAK = YES;
				CLANG_WARN_BLOCK_CAPTURE_AUTORELEASING = YES;
				CLANG_WARN_BOOL_CONVERSION = YES;
				CLANG_WARN_COMMA = YES;
				CLANG_WARN_CONSTANT_CONVERSION = YES;
				CLANG_WARN_DEPRECATED_OBJC_IMPLEMENTATIONS = YES;
				CLANG_WARN_DIRECT_OBJC_ISA_USAGE = YES_ERROR;
				CLANG_WARN_DOCUMENTATION_COMMENTS = YES;
				CLANG_WARN_EMPTY_BODY = YES;
				CLANG_WARN_ENUM_CONVERSION = YES;
				CLANG_WARN_INFINITE_RECURSION = YES;
				CLANG_WARN_INT_CONVERSION = YES;
				CLANG_WARN_NON_LITERAL_NULL_CONVERSION = YES;
				CLANG_WARN_OBJC_IMPLICIT_RETAIN_SELF = YES;
				CLANG_WARN_OBJC_LITERAL_CONVERSION = YES;
				CLANG_WARN_OBJC_ROOT_CLASS = YES_ERROR;
				CLANG_WARN_QUOTED_INCLUDE_IN_FRAMEWORK_HEADER = YES;
				CLANG_WARN_RANGE_LOOP_ANALYSIS = YES;
				CLANG_WARN_STRICT_PROTOTYPES = YES;
				CLANG_WARN_SUSPICIOUS_MOVE = YES;
				CLANG_WARN_UNGUARDED_AVAILABILITY = YES_AGGRESSIVE;
				CLANG_WARN_UNREACHABLE_CODE = YES;
				CLANG_WARN__DUPLICATE_METHOD_MATCH = YES;
				COPY_PHASE_STRIP = NO;
				DEBUG_INFORMATION_FORMAT = "dwarf-with-dsym";
				ENABLE_NS_ASSERTIONS = NO;
				ENABLE_STRICT_OBJC_MSGSEND = YES;
				GCC_C_LANGUAGE_STANDARD = gnu11;
				GCC_NO_COMMON_BLOCKS = YES;
				GCC_WARN_64_TO_32_BIT_CONVERSION = YES;
				GCC_WARN_ABOUT_RETURN_TYPE = YES_ERROR;
				GCC_WARN_UNDECLARED_SELECTOR = YES;
				GCC_WARN_UNINITIALIZED_AUTOS = YES_AGGRESSIVE;
				GCC_WARN_UNUSED_FUNCTION = YES;
				GCC_WARN_UNUSED_VARIABLE = YES;
				IPHONEOS_DEPLOYMENT_TARGET = 15.5;
				MTL_ENABLE_DEBUG_INFO = NO;
				MTL_FAST_MATH = YES;
				SDKROOT = iphoneos;
				SWIFT_COMPILATION_MODE = wholemodule;
				SWIFT_OPTIMIZATION_LEVEL = "-O";
				VALIDATE_PRODUCT = YES;
			};
			name = Release;
		};
		AC15E5DD28C485D4008D1858 /* Debug */ = {
			isa = XCBuildConfiguration;
			baseConfigurationReference = 416BF56DDDE30D58A375D0DC /* Pods-BrotherDictionary.debug.xcconfig */;
			buildSettings = {
				ASSETCATALOG_COMPILER_APPICON_NAME = AppIcon;
				ASSETCATALOG_COMPILER_GLOBAL_ACCENT_COLOR_NAME = AccentColor;
				CODE_SIGN_STYLE = Automatic;
				CURRENT_PROJECT_VERSION = 1;
				DEVELOPMENT_ASSET_PATHS = "\"BrotherDictionary/Preview Content\"";
				DEVELOPMENT_TEAM = 9D93LYC339;
				ENABLE_PREVIEWS = YES;
				GENERATE_INFOPLIST_FILE = YES;
				INFOPLIST_KEY_UIApplicationSceneManifest_Generation = YES;
				INFOPLIST_KEY_UIApplicationSupportsIndirectInputEvents = YES;
				INFOPLIST_KEY_UILaunchScreen_Generation = YES;
				INFOPLIST_KEY_UILaunchStoryboardName = "Launch Screen";
				INFOPLIST_KEY_UISupportedInterfaceOrientations_iPad = "UIInterfaceOrientationPortrait UIInterfaceOrientationPortraitUpsideDown UIInterfaceOrientationLandscapeLeft UIInterfaceOrientationLandscapeRight";
				INFOPLIST_KEY_UISupportedInterfaceOrientations_iPhone = "UIInterfaceOrientationPortrait UIInterfaceOrientationLandscapeLeft UIInterfaceOrientationLandscapeRight";
				IPHONEOS_DEPLOYMENT_TARGET = 15.0;
				LD_RUNPATH_SEARCH_PATHS = (
					"$(inherited)",
					"@executable_path/Frameworks",
				);
				MARKETING_VERSION = 1.0;
				PRODUCT_BUNDLE_IDENTIFIER = vn.edu.rmit.brotherhood.BrotherDictionary;
				PRODUCT_NAME = "$(TARGET_NAME)";
				SWIFT_EMIT_LOC_STRINGS = YES;
				SWIFT_VERSION = 5.0;
				TARGETED_DEVICE_FAMILY = "1,2";
			};
			name = Debug;
		};
		AC15E5DE28C485D4008D1858 /* Release */ = {
			isa = XCBuildConfiguration;
			baseConfigurationReference = 6330D10F3D4F5CC4372B6720 /* Pods-BrotherDictionary.release.xcconfig */;
			buildSettings = {
				ASSETCATALOG_COMPILER_APPICON_NAME = AppIcon;
				ASSETCATALOG_COMPILER_GLOBAL_ACCENT_COLOR_NAME = AccentColor;
				CODE_SIGN_STYLE = Automatic;
				CURRENT_PROJECT_VERSION = 1;
				DEVELOPMENT_ASSET_PATHS = "\"BrotherDictionary/Preview Content\"";
				DEVELOPMENT_TEAM = 9D93LYC339;
				ENABLE_PREVIEWS = YES;
				GENERATE_INFOPLIST_FILE = YES;
				INFOPLIST_KEY_UIApplicationSceneManifest_Generation = YES;
				INFOPLIST_KEY_UIApplicationSupportsIndirectInputEvents = YES;
				INFOPLIST_KEY_UILaunchScreen_Generation = YES;
				INFOPLIST_KEY_UILaunchStoryboardName = "Launch Screen";
				INFOPLIST_KEY_UISupportedInterfaceOrientations_iPad = "UIInterfaceOrientationPortrait UIInterfaceOrientationPortraitUpsideDown UIInterfaceOrientationLandscapeLeft UIInterfaceOrientationLandscapeRight";
				INFOPLIST_KEY_UISupportedInterfaceOrientations_iPhone = "UIInterfaceOrientationPortrait UIInterfaceOrientationLandscapeLeft UIInterfaceOrientationLandscapeRight";
				IPHONEOS_DEPLOYMENT_TARGET = 15.0;
				LD_RUNPATH_SEARCH_PATHS = (
					"$(inherited)",
					"@executable_path/Frameworks",
				);
				MARKETING_VERSION = 1.0;
				PRODUCT_BUNDLE_IDENTIFIER = vn.edu.rmit.brotherhood.BrotherDictionary;
				PRODUCT_NAME = "$(TARGET_NAME)";
				SWIFT_EMIT_LOC_STRINGS = YES;
				SWIFT_VERSION = 5.0;
				TARGETED_DEVICE_FAMILY = "1,2";
			};
			name = Release;
		};
/* End XCBuildConfiguration section */

/* Begin XCConfigurationList section */
		AC15E5C928C485CF008D1858 /* Build configuration list for PBXProject "BrotherDictionary" */ = {
			isa = XCConfigurationList;
			buildConfigurations = (
				AC15E5DA28C485D4008D1858 /* Debug */,
				AC15E5DB28C485D4008D1858 /* Release */,
			);
			defaultConfigurationIsVisible = 0;
			defaultConfigurationName = Release;
		};
		AC15E5DC28C485D4008D1858 /* Build configuration list for PBXNativeTarget "BrotherDictionary" */ = {
			isa = XCConfigurationList;
			buildConfigurations = (
				AC15E5DD28C485D4008D1858 /* Debug */,
				AC15E5DE28C485D4008D1858 /* Release */,
			);
			defaultConfigurationIsVisible = 0;
			defaultConfigurationName = Release;
		};
/* End XCConfigurationList section */
	};
	rootObject = AC15E5C628C485CF008D1858 /* Project object */;
}
